
Microsoft Visual Studio Solution File, Format Version 12.00
# Visual Studio Version 16
VisualStudioVersion = 16.0.33027.164
MinimumVisualStudioVersion = 10.0.40219.1
Project("{FAE04EC0-301F-11D3-BF4B-00C04F79EFBC}") = "FileSystem1", "FileSystem1\FileSystem1.csproj", "{09D4C3C0-4E79-4866-8833-49451BC010FE}"
EndProject
Global
	GlobalSection(SolutionConfigurationPlatforms) = preSolution
		Debug|Any CPU = Debug|Any CPU
		Release|Any CPU = Release|Any CPU
	EndGlobalSection
	GlobalSection(ProjectConfigurationPlatforms) = postSolution
		{09D4C3C0-4E79-4866-8833-49451BC010FE}.Debug|Any CPU.ActiveCfg = Debug|Any CPU
		{09D4C3C0-4E79-4866-8833-49451BC010FE}.Debug|Any CPU.Build.0 = Debug|Any CPU
		{09D4C3C0-4E79-4866-8833-49451BC010FE}.Release|Any CPU.ActiveCfg = Release|Any CPU
		{09D4C3C0-4E79-4866-8833-49451BC010FE}.Release|Any CPU.Build.0 = Release|Any CPU
	EndGlobalSection
	GlobalSection(SolutionProperties) = preSolution
		HideSolutionNode = FALSE
	EndGlobalSection
	GlobalSection(ExtensibilityGlobals) = postSolution
		SolutionGuid = {62375B82-FC92-4376-8268-CAD30DA76E99}
	EndGlobalSection
EndGlobal
